
Microsoft Visual Studio Solution File, Format Version 12.00
# Visual Studio Version 17
VisualStudioVersion = 17.3.32901.215
MinimumVisualStudioVersion = 10.0.40219.1
Project("{FAE04EC0-301F-11D3-BF4B-00C04F79EFBC}") = "DiscordBot", "DiscordBot\DiscordBot.csproj", "{B106E5D5-9F70-476B-9604-6A3F70FE8A89}"
EndProject
Global
	GlobalSection(SolutionConfigurationPlatforms) = preSolution
		Debug|Any CPU = Debug|Any CPU
		Release|Any CPU = Release|Any CPU
	EndGlobalSection
	GlobalSection(ProjectConfigurationPlatforms) = postSolution
		{B106E5D5-9F70-476B-9604-6A3F70FE8A89}.Debug|Any CPU.ActiveCfg = Debug|Any CPU
		{B106E5D5-9F70-476B-9604-6A3F70FE8A89}.Debug|Any CPU.Build.0 = Debug|Any CPU
		{B106E5D5-9F70-476B-9604-6A3F70FE8A89}.Release|Any CPU.ActiveCfg = Release|Any CPU
		{B106E5D5-9F70-476B-9604-6A3F70FE8A89}.Release|Any CPU.Build.0 = Release|Any CPU
	EndGlobalSection
	GlobalSection(SolutionProperties) = preSolution
		HideSolutionNode = FALSE
	EndGlobalSection
	GlobalSection(ExtensibilityGlobals) = postSolution
		SolutionGuid = {1D4297AC-C571-4594-BC4E-09EBC6625D14}
	EndGlobalSection
EndGlobal
